
Microsoft Visual Studio Solution File, Format Version 12.00
# Visual Studio Version 17
VisualStudioVersion = 17.0.31903.59
MinimumVisualStudioVersion = 10.0.40219.1
Project("{FAE04EC0-301F-11D3-BF4B-00C04F79EFBC}") = "API", "API\API.csproj", "{DA3C6C5B-AC1B-4BB1-AC7E-DA3465BF1B5E}"
EndProject
Project("{FAE04EC0-301F-11D3-BF4B-00C04F79EFBC}") = "Web", "Web\Web.csproj", "{53DE585E-4C42-415F-8048-767F32B138EF}"
EndProject
Project("{FAE04EC0-301F-11D3-BF4B-00C04F79EFBC}") = "Domain", "Domain\Domain.csproj", "{70F8AD67-CD85-40A0-96EE-019946F32B40}"
EndProject
Project("{FAE04EC0-301F-11D3-BF4B-00C04F79EFBC}") = "Infra", "Infra\Infra.csproj", "{B268B1D9-F57E-4518-AC0D-FDA65581A698}"
EndProject
Project("{2150E333-8FDC-42A3-9474-1A3956D46DE8}") = "Test", "Test", "{C39B1B59-9FD6-48F9-83B4-1D7761F6C043}"
EndProject
Project("{FAE04EC0-301F-11D3-BF4B-00C04F79EFBC}") = "Unit", "Test\Unit\Unit.csproj", "{2601F02D-5EF3-415F-82A0-CC0BD4899F98}"
EndProject
Project("{FAE04EC0-301F-11D3-BF4B-00C04F79EFBC}") = "Integration", "Test\Integration\Integration.csproj", "{D41E409B-D82B-4BDB-9A62-AFECBA160E24}"
EndProject
Project("{FAE04EC0-301F-11D3-BF4B-00C04F79EFBC}") = "EndToEnd", "Test\EndToEnd\EndToEnd.csproj", "{B21083A7-2108-44CE-995E-280E667C0199}"
EndProject
Global
	GlobalSection(SolutionConfigurationPlatforms) = preSolution
		Debug|Any CPU = Debug|Any CPU
		Release|Any CPU = Release|Any CPU
	EndGlobalSection
	GlobalSection(SolutionProperties) = preSolution
		HideSolutionNode = FALSE
	EndGlobalSection
	GlobalSection(ProjectConfigurationPlatforms) = postSolution
		{DA3C6C5B-AC1B-4BB1-AC7E-DA3465BF1B5E}.Debug|Any CPU.ActiveCfg = Debug|Any CPU
		{DA3C6C5B-AC1B-4BB1-AC7E-DA3465BF1B5E}.Debug|Any CPU.Build.0 = Debug|Any CPU
		{DA3C6C5B-AC1B-4BB1-AC7E-DA3465BF1B5E}.Release|Any CPU.ActiveCfg = Release|Any CPU
		{DA3C6C5B-AC1B-4BB1-AC7E-DA3465BF1B5E}.Release|Any CPU.Build.0 = Release|Any CPU
		{53DE585E-4C42-415F-8048-767F32B138EF}.Debug|Any CPU.ActiveCfg = Debug|Any CPU
		{53DE585E-4C42-415F-8048-767F32B138EF}.Debug|Any CPU.Build.0 = Debug|Any CPU
		{53DE585E-4C42-415F-8048-767F32B138EF}.Release|Any CPU.ActiveCfg = Release|Any CPU
		{53DE585E-4C42-415F-8048-767F32B138EF}.Release|Any CPU.Build.0 = Release|Any CPU
		{70F8AD67-CD85-40A0-96EE-019946F32B40}.Debug|Any CPU.ActiveCfg = Debug|Any CPU
		{70F8AD67-CD85-40A0-96EE-019946F32B40}.Debug|Any CPU.Build.0 = Debug|Any CPU
		{70F8AD67-CD85-40A0-96EE-019946F32B40}.Release|Any CPU.ActiveCfg = Release|Any CPU
		{70F8AD67-CD85-40A0-96EE-019946F32B40}.Release|Any CPU.Build.0 = Release|Any CPU
		{B268B1D9-F57E-4518-AC0D-FDA65581A698}.Debug|Any CPU.ActiveCfg = Debug|Any CPU
		{B268B1D9-F57E-4518-AC0D-FDA65581A698}.Debug|Any CPU.Build.0 = Debug|Any CPU
		{B268B1D9-F57E-4518-AC0D-FDA65581A698}.Release|Any CPU.ActiveCfg = Release|Any CPU
		{B268B1D9-F57E-4518-AC0D-FDA65581A698}.Release|Any CPU.Build.0 = Release|Any CPU
		{2601F02D-5EF3-415F-82A0-CC0BD4899F98}.Debug|Any CPU.ActiveCfg = Debug|Any CPU
		{2601F02D-5EF3-415F-82A0-CC0BD4899F98}.Debug|Any CPU.Build.0 = Debug|Any CPU
		{2601F02D-5EF3-415F-82A0-CC0BD4899F98}.Release|Any CPU.ActiveCfg = Release|Any CPU
		{2601F02D-5EF3-415F-82A0-CC0BD4899F98}.Release|Any CPU.Build.0 = Release|Any CPU
		{D41E409B-D82B-4BDB-9A62-AFECBA160E24}.Debug|Any CPU.ActiveCfg = Debug|Any CPU
		{D41E409B-D82B-4BDB-9A62-AFECBA160E24}.Debug|Any CPU.Build.0 = Debug|Any CPU
		{D41E409B-D82B-4BDB-9A62-AFECBA160E24}.Release|Any CPU.ActiveCfg = Release|Any CPU
		{D41E409B-D82B-4BDB-9A62-AFECBA160E24}.Release|Any CPU.Build.0 = Release|Any CPU
		{B21083A7-2108-44CE-995E-280E667C0199}.Debug|Any CPU.ActiveCfg = Debug|Any CPU
		{B21083A7-2108-44CE-995E-280E667C0199}.Debug|Any CPU.Build.0 = Debug|Any CPU
		{B21083A7-2108-44CE-995E-280E667C0199}.Release|Any CPU.ActiveCfg = Release|Any CPU
		{B21083A7-2108-44CE-995E-280E667C0199}.Release|Any CPU.Build.0 = Release|Any CPU
	EndGlobalSection
	GlobalSection(NestedProjects) = preSolution
		{2601F02D-5EF3-415F-82A0-CC0BD4899F98} = {C39B1B59-9FD6-48F9-83B4-1D7761F6C043}
		{D41E409B-D82B-4BDB-9A62-AFECBA160E24} = {C39B1B59-9FD6-48F9-83B4-1D7761F6C043}
		{B21083A7-2108-44CE-995E-280E667C0199} = {C39B1B59-9FD6-48F9-83B4-1D7761F6C043}
	EndGlobalSection
EndGlobal
